// !$*UTF8*$!
{
	archiveVersion = 1;
	classes = {
	};
	objectVersion = 50;
	objects = {

/* Begin PBXBuildFile section */
		0D07B49821EBE80600EB5E4A /* RegisterUserViewController.swift in Sources */ = {isa = PBXBuildFile; fileRef = 0D07B49721EBE80600EB5E4A /* RegisterUserViewController.swift */; };
		0D07B49A21EBF44C00EB5E4A /* GoogleService-Info.plist in Resources */ = {isa = PBXBuildFile; fileRef = 0D07B49921EBF44C00EB5E4A /* GoogleService-Info.plist */; };
		0DEB3F5E21E6CDBA009119B5 /* AppDelegate.swift in Sources */ = {isa = PBXBuildFile; fileRef = 0DEB3F5D21E6CDBA009119B5 /* AppDelegate.swift */; };
		0DEB3F6021E6CDBA009119B5 /* ViewController.swift in Sources */ = {isa = PBXBuildFile; fileRef = 0DEB3F5F21E6CDBA009119B5 /* ViewController.swift */; };
		0DEB3F6321E6CDBA009119B5 /* Main.storyboard in Resources */ = {isa = PBXBuildFile; fileRef = 0DEB3F6121E6CDBA009119B5 /* Main.storyboard */; };
		0DEB3F6521E6CDBE009119B5 /* Assets.xcassets in Resources */ = {isa = PBXBuildFile; fileRef = 0DEB3F6421E6CDBE009119B5 /* Assets.xcassets */; };
		0DEB3F6821E6CDBE009119B5 /* LaunchScreen.storyboard in Resources */ = {isa = PBXBuildFile; fileRef = 0DEB3F6621E6CDBE009119B5 /* LaunchScreen.storyboard */; };
		0DEB3F7321E6CDBF009119B5 /* ImmobilizerCapstoneTests.swift in Sources */ = {isa = PBXBuildFile; fileRef = 0DEB3F7221E6CDBF009119B5 /* ImmobilizerCapstoneTests.swift */; };
		0DEB3F7E21E6CDBF009119B5 /* ImmobilizerCapstoneUITests.swift in Sources */ = {isa = PBXBuildFile; fileRef = 0DEB3F7D21E6CDBF009119B5 /* ImmobilizerCapstoneUITests.swift */; };
		0DEB3F8C21E6D527009119B5 /* SignInViewController.swift in Sources */ = {isa = PBXBuildFile; fileRef = 0DEB3F8B21E6D527009119B5 /* SignInViewController.swift */; };
		0DEB3F8E21E6D83E009119B5 /* RequestViewController.swift in Sources */ = {isa = PBXBuildFile; fileRef = 0DEB3F8D21E6D83E009119B5 /* RequestViewController.swift */; };
		3BB0660A8AE40888B99E071F /* Pods_ImmobilizerCapstoneUITests.framework in Frameworks */ = {isa = PBXBuildFile; fileRef = B560C648123429422D9CC5B9 /* Pods_ImmobilizerCapstoneUITests.framework */; };
		72FEA91AAF9F080B5CDD8E4B /* Pods_ImmobilizerCapstone.framework in Frameworks */ = {isa = PBXBuildFile; fileRef = 115603F49104C91EBCD89007 /* Pods_ImmobilizerCapstone.framework */; };
		87D8564CA96C39A141DA5644 /* Pods_ImmobilizerCapstoneTests.framework in Frameworks */ = {isa = PBXBuildFile; fileRef = CB8A2D6BB60C5E1C76E82949 /* Pods_ImmobilizerCapstoneTests.framework */; };
/* End PBXBuildFile section */

/* Begin PBXContainerItemProxy section */
		0DEB3F6F21E6CDBF009119B5 /* PBXContainerItemProxy */ = {
			isa = PBXContainerItemProxy;
			containerPortal = 0DEB3F5221E6CDB9009119B5 /* Project object */;
			proxyType = 1;
			remoteGlobalIDString = 0DEB3F5921E6CDB9009119B5;
			remoteInfo = ImmobilizerCapstone;
		};
		0DEB3F7A21E6CDBF009119B5 /* PBXContainerItemProxy */ = {
			isa = PBXContainerItemProxy;
			containerPortal = 0DEB3F5221E6CDB9009119B5 /* Project object */;
			proxyType = 1;
			remoteGlobalIDString = 0DEB3F5921E6CDB9009119B5;
			remoteInfo = ImmobilizerCapstone;
		};
/* End PBXContainerItemProxy section */

/* Begin PBXFileReference section */
		0D07B49721EBE80600EB5E4A /* RegisterUserViewController.swift */ = {isa = PBXFileReference; lastKnownFileType = sourcecode.swift; path = RegisterUserViewController.swift; sourceTree = "<group>"; };
		0D07B49921EBF44C00EB5E4A /* GoogleService-Info.plist */ = {isa = PBXFileReference; fileEncoding = 4; lastKnownFileType = text.plist.xml; path = "GoogleService-Info.plist"; sourceTree = "<group>"; };
		0DEB3F5A21E6CDBA009119B5 /* ImmobilizerCapstone.app */ = {isa = PBXFileReference; explicitFileType = wrapper.application; includeInIndex = 0; path = ImmobilizerCapstone.app; sourceTree = BUILT_PRODUCTS_DIR; };
		0DEB3F5D21E6CDBA009119B5 /* AppDelegate.swift */ = {isa = PBXFileReference; lastKnownFileType = sourcecode.swift; path = AppDelegate.swift; sourceTree = "<group>"; };
		0DEB3F5F21E6CDBA009119B5 /* ViewController.swift */ = {isa = PBXFileReference; lastKnownFileType = sourcecode.swift; path = ViewController.swift; sourceTree = "<group>"; };
		0DEB3F6221E6CDBA009119B5 /* Base */ = {isa = PBXFileReference; lastKnownFileType = file.storyboard; name = Base; path = Base.lproj/Main.storyboard; sourceTree = "<group>"; };
		0DEB3F6421E6CDBE009119B5 /* Assets.xcassets */ = {isa = PBXFileReference; lastKnownFileType = folder.assetcatalog; path = Assets.xcassets; sourceTree = "<group>"; };
		0DEB3F6721E6CDBE009119B5 /* Base */ = {isa = PBXFileReference; lastKnownFileType = file.storyboard; name = Base; path = Base.lproj/LaunchScreen.storyboard; sourceTree = "<group>"; };
		0DEB3F6921E6CDBE009119B5 /* Info.plist */ = {isa = PBXFileReference; lastKnownFileType = text.plist.xml; path = Info.plist; sourceTree = "<group>"; };
		0DEB3F6E21E6CDBF009119B5 /* ImmobilizerCapstoneTests.xctest */ = {isa = PBXFileReference; explicitFileType = wrapper.cfbundle; includeInIndex = 0; path = ImmobilizerCapstoneTests.xctest; sourceTree = BUILT_PRODUCTS_DIR; };
		0DEB3F7221E6CDBF009119B5 /* ImmobilizerCapstoneTests.swift */ = {isa = PBXFileReference; lastKnownFileType = sourcecode.swift; path = ImmobilizerCapstoneTests.swift; sourceTree = "<group>"; };
		0DEB3F7421E6CDBF009119B5 /* Info.plist */ = {isa = PBXFileReference; lastKnownFileType = text.plist.xml; path = Info.plist; sourceTree = "<group>"; };
		0DEB3F7921E6CDBF009119B5 /* ImmobilizerCapstoneUITests.xctest */ = {isa = PBXFileReference; explicitFileType = wrapper.cfbundle; includeInIndex = 0; path = ImmobilizerCapstoneUITests.xctest; sourceTree = BUILT_PRODUCTS_DIR; };
		0DEB3F7D21E6CDBF009119B5 /* ImmobilizerCapstoneUITests.swift */ = {isa = PBXFileReference; lastKnownFileType = sourcecode.swift; path = ImmobilizerCapstoneUITests.swift; sourceTree = "<group>"; };
		0DEB3F7F21E6CDBF009119B5 /* Info.plist */ = {isa = PBXFileReference; lastKnownFileType = text.plist.xml; path = Info.plist; sourceTree = "<group>"; };
		0DEB3F8B21E6D527009119B5 /* SignInViewController.swift */ = {isa = PBXFileReference; lastKnownFileType = sourcecode.swift; path = SignInViewController.swift; sourceTree = "<group>"; };
		0DEB3F8D21E6D83E009119B5 /* RequestViewController.swift */ = {isa = PBXFileReference; lastKnownFileType = sourcecode.swift; path = RequestViewController.swift; sourceTree = "<group>"; };
		115603F49104C91EBCD89007 /* Pods_ImmobilizerCapstone.framework */ = {isa = PBXFileReference; explicitFileType = wrapper.framework; includeInIndex = 0; path = Pods_ImmobilizerCapstone.framework; sourceTree = BUILT_PRODUCTS_DIR; };
		3FE43D1287B613BAB653C313 /* Pods-ImmobilizerCapstoneTests.debug.xcconfig */ = {isa = PBXFileReference; includeInIndex = 1; lastKnownFileType = text.xcconfig; name = "Pods-ImmobilizerCapstoneTests.debug.xcconfig"; path = "Pods/Target Support Files/Pods-ImmobilizerCapstoneTests/Pods-ImmobilizerCapstoneTests.debug.xcconfig"; sourceTree = "<group>"; };
		70669EBD937156D0C1EAFCAE /* Pods-ImmobilizerCapstone.debug.xcconfig */ = {isa = PBXFileReference; includeInIndex = 1; lastKnownFileType = text.xcconfig; name = "Pods-ImmobilizerCapstone.debug.xcconfig"; path = "Pods/Target Support Files/Pods-ImmobilizerCapstone/Pods-ImmobilizerCapstone.debug.xcconfig"; sourceTree = "<group>"; };
		7CFD182199992134E03B1E08 /* Pods-ImmobilizerCapstoneUITests.debug.xcconfig */ = {isa = PBXFileReference; includeInIndex = 1; lastKnownFileType = text.xcconfig; name = "Pods-ImmobilizerCapstoneUITests.debug.xcconfig"; path = "Pods/Target Support Files/Pods-ImmobilizerCapstoneUITests/Pods-ImmobilizerCapstoneUITests.debug.xcconfig"; sourceTree = "<group>"; };
		AC179C5424389A7079B81C66 /* Pods-ImmobilizerCapstoneUITests.release.xcconfig */ = {isa = PBXFileReference; includeInIndex = 1; lastKnownFileType = text.xcconfig; name = "Pods-ImmobilizerCapstoneUITests.release.xcconfig"; path = "Pods/Target Support Files/Pods-ImmobilizerCapstoneUITests/Pods-ImmobilizerCapstoneUITests.release.xcconfig"; sourceTree = "<group>"; };
		B560C648123429422D9CC5B9 /* Pods_ImmobilizerCapstoneUITests.framework */ = {isa = PBXFileReference; explicitFileType = wrapper.framework; includeInIndex = 0; path = Pods_ImmobilizerCapstoneUITests.framework; sourceTree = BUILT_PRODUCTS_DIR; };
		C73FE97C5F7D2CB8BDC66F83 /* Pods-ImmobilizerCapstoneTests.release.xcconfig */ = {isa = PBXFileReference; includeInIndex = 1; lastKnownFileType = text.xcconfig; name = "Pods-ImmobilizerCapstoneTests.release.xcconfig"; path = "Pods/Target Support Files/Pods-ImmobilizerCapstoneTests/Pods-ImmobilizerCapstoneTests.release.xcconfig"; sourceTree = "<group>"; };
		CB8A2D6BB60C5E1C76E82949 /* Pods_ImmobilizerCapstoneTests.framework */ = {isa = PBXFileReference; explicitFileType = wrapper.framework; includeInIndex = 0; path = Pods_ImmobilizerCapstoneTests.framework; sourceTree = BUILT_PRODUCTS_DIR; };
		FF254DE14324552738BBFCAB /* Pods-ImmobilizerCapstone.release.xcconfig */ = {isa = PBXFileReference; includeInIndex = 1; lastKnownFileType = text.xcconfig; name = "Pods-ImmobilizerCapstone.release.xcconfig"; path = "Pods/Target Support Files/Pods-ImmobilizerCapstone/Pods-ImmobilizerCapstone.release.xcconfig"; sourceTree = "<group>"; };
/* End PBXFileReference section */

/* Begin PBXFrameworksBuildPhase section */
		0DEB3F5721E6CDB9009119B5 /* Frameworks */ = {
			isa = PBXFrameworksBuildPhase;
			buildActionMask = 2147483647;
			files = (
				72FEA91AAF9F080B5CDD8E4B /* Pods_ImmobilizerCapstone.framework in Frameworks */,
			);
			runOnlyForDeploymentPostprocessing = 0;
		};
		0DEB3F6B21E6CDBF009119B5 /* Frameworks */ = {
			isa = PBXFrameworksBuildPhase;
			buildActionMask = 2147483647;
			files = (
				87D8564CA96C39A141DA5644 /* Pods_ImmobilizerCapstoneTests.framework in Frameworks */,
			);
			runOnlyForDeploymentPostprocessing = 0;
		};
		0DEB3F7621E6CDBF009119B5 /* Frameworks */ = {
			isa = PBXFrameworksBuildPhase;
			buildActionMask = 2147483647;
			files = (
				3BB0660A8AE40888B99E071F /* Pods_ImmobilizerCapstoneUITests.framework in Frameworks */,
			);
			runOnlyForDeploymentPostprocessing = 0;
		};
/* End PBXFrameworksBuildPhase section */

/* Begin PBXGroup section */
		06F8C866471891C244073EA0 /* Frameworks */ = {
			isa = PBXGroup;
			children = (
				115603F49104C91EBCD89007 /* Pods_ImmobilizerCapstone.framework */,
				CB8A2D6BB60C5E1C76E82949 /* Pods_ImmobilizerCapstoneTests.framework */,
				B560C648123429422D9CC5B9 /* Pods_ImmobilizerCapstoneUITests.framework */,
			);
			name = Frameworks;
			sourceTree = "<group>";
		};
		0DEB3F5121E6CDB9009119B5 = {
			isa = PBXGroup;
			children = (
				0DEB3F5C21E6CDBA009119B5 /* ImmobilizerCapstone */,
				0DEB3F7121E6CDBF009119B5 /* ImmobilizerCapstoneTests */,
				0DEB3F7C21E6CDBF009119B5 /* ImmobilizerCapstoneUITests */,
				0DEB3F5B21E6CDBA009119B5 /* Products */,
				D0E542AEBF64124B06256642 /* Pods */,
				06F8C866471891C244073EA0 /* Frameworks */,
			);
			sourceTree = "<group>";
		};
		0DEB3F5B21E6CDBA009119B5 /* Products */ = {
			isa = PBXGroup;
			children = (
				0DEB3F5A21E6CDBA009119B5 /* ImmobilizerCapstone.app */,
				0DEB3F6E21E6CDBF009119B5 /* ImmobilizerCapstoneTests.xctest */,
				0DEB3F7921E6CDBF009119B5 /* ImmobilizerCapstoneUITests.xctest */,
			);
			name = Products;
			sourceTree = "<group>";
		};
		0DEB3F5C21E6CDBA009119B5 /* ImmobilizerCapstone */ = {
			isa = PBXGroup;
			children = (
				0DEB3F5D21E6CDBA009119B5 /* AppDelegate.swift */,
				0DEB3F5F21E6CDBA009119B5 /* ViewController.swift */,
				0DEB3F6121E6CDBA009119B5 /* Main.storyboard */,
				0DEB3F6421E6CDBE009119B5 /* Assets.xcassets */,
				0DEB3F6621E6CDBE009119B5 /* LaunchScreen.storyboard */,
				0DEB3F6921E6CDBE009119B5 /* Info.plist */,
				0DEB3F8B21E6D527009119B5 /* SignInViewController.swift */,
				0DEB3F8D21E6D83E009119B5 /* RequestViewController.swift */,
				0D07B49721EBE80600EB5E4A /* RegisterUserViewController.swift */,
				0D07B49921EBF44C00EB5E4A /* GoogleService-Info.plist */,
			);
			path = ImmobilizerCapstone;
			sourceTree = "<group>";
		};
		0DEB3F7121E6CDBF009119B5 /* ImmobilizerCapstoneTests */ = {
			isa = PBXGroup;
			children = (
				0DEB3F7221E6CDBF009119B5 /* ImmobilizerCapstoneTests.swift */,
				0DEB3F7421E6CDBF009119B5 /* Info.plist */,
			);
			path = ImmobilizerCapstoneTests;
			sourceTree = "<group>";
		};
		0DEB3F7C21E6CDBF009119B5 /* ImmobilizerCapstoneUITests */ = {
			isa = PBXGroup;
			children = (
				0DEB3F7D21E6CDBF009119B5 /* ImmobilizerCapstoneUITests.swift */,
				0DEB3F7F21E6CDBF009119B5 /* Info.plist */,
			);
			path = ImmobilizerCapstoneUITests;
			sourceTree = "<group>";
		};
		D0E542AEBF64124B06256642 /* Pods */ = {
			isa = PBXGroup;
			children = (
				70669EBD937156D0C1EAFCAE /* Pods-ImmobilizerCapstone.debug.xcconfig */,
				FF254DE14324552738BBFCAB /* Pods-ImmobilizerCapstone.release.xcconfig */,
				3FE43D1287B613BAB653C313 /* Pods-ImmobilizerCapstoneTests.debug.xcconfig */,
				C73FE97C5F7D2CB8BDC66F83 /* Pods-ImmobilizerCapstoneTests.release.xcconfig */,
				7CFD182199992134E03B1E08 /* Pods-ImmobilizerCapstoneUITests.debug.xcconfig */,
				AC179C5424389A7079B81C66 /* Pods-ImmobilizerCapstoneUITests.release.xcconfig */,
			);
			name = Pods;
			sourceTree = "<group>";
		};
/* End PBXGroup section */

/* Begin PBXNativeTarget section */
		0DEB3F5921E6CDB9009119B5 /* ImmobilizerCapstone */ = {
			isa = PBXNativeTarget;
			buildConfigurationList = 0DEB3F8221E6CDBF009119B5 /* Build configuration list for PBXNativeTarget "ImmobilizerCapstone" */;
			buildPhases = (
				4F6680FAB5AA7AFDA9453861 /* [CP] Check Pods Manifest.lock */,
				0DEB3F5621E6CDB9009119B5 /* Sources */,
				0DEB3F5721E6CDB9009119B5 /* Frameworks */,
				0DEB3F5821E6CDB9009119B5 /* Resources */,
				B9C773C82013D8EF8A094556 /* [CP] Embed Pods Frameworks */,
			);
			buildRules = (
			);
			dependencies = (
			);
			name = ImmobilizerCapstone;
			productName = ImmobilizerCapstone;
			productReference = 0DEB3F5A21E6CDBA009119B5 /* ImmobilizerCapstone.app */;
			productType = "com.apple.product-type.application";
		};
		0DEB3F6D21E6CDBF009119B5 /* ImmobilizerCapstoneTests */ = {
			isa = PBXNativeTarget;
			buildConfigurationList = 0DEB3F8521E6CDBF009119B5 /* Build configuration list for PBXNativeTarget "ImmobilizerCapstoneTests" */;
			buildPhases = (
				60FB48CA6D31606D0FB2C01F /* [CP] Check Pods Manifest.lock */,
				0DEB3F6A21E6CDBF009119B5 /* Sources */,
				0DEB3F6B21E6CDBF009119B5 /* Frameworks */,
				0DEB3F6C21E6CDBF009119B5 /* Resources */,
			);
			buildRules = (
			);
			dependencies = (
				0DEB3F7021E6CDBF009119B5 /* PBXTargetDependency */,
			);
			name = ImmobilizerCapstoneTests;
			productName = ImmobilizerCapstoneTests;
			productReference = 0DEB3F6E21E6CDBF009119B5 /* ImmobilizerCapstoneTests.xctest */;
			productType = "com.apple.product-type.bundle.unit-test";
		};
		0DEB3F7821E6CDBF009119B5 /* ImmobilizerCapstoneUITests */ = {
			isa = PBXNativeTarget;
			buildConfigurationList = 0DEB3F8821E6CDBF009119B5 /* Build configuration list for PBXNativeTarget "ImmobilizerCapstoneUITests" */;
			buildPhases = (
				DC676E8167F5FE002E14DBC8 /* [CP] Check Pods Manifest.lock */,
				0DEB3F7521E6CDBF009119B5 /* Sources */,
				0DEB3F7621E6CDBF009119B5 /* Frameworks */,
				0DEB3F7721E6CDBF009119B5 /* Resources */,
			);
			buildRules = (
			);
			dependencies = (
				0DEB3F7B21E6CDBF009119B5 /* PBXTargetDependency */,
			);
			name = ImmobilizerCapstoneUITests;
			productName = ImmobilizerCapstoneUITests;
			productReference = 0DEB3F7921E6CDBF009119B5 /* ImmobilizerCapstoneUITests.xctest */;
			productType = "com.apple.product-type.bundle.ui-testing";
		};
/* End PBXNativeTarget section */

/* Begin PBXProject section */
		0DEB3F5221E6CDB9009119B5 /* Project object */ = {
			isa = PBXProject;
			attributes = {
				LastSwiftUpdateCheck = 1010;
				LastUpgradeCheck = 1010;
				ORGANIZATIONNAME = "Farez Halim";
				TargetAttributes = {
					0DEB3F5921E6CDB9009119B5 = {
						CreatedOnToolsVersion = 10.1;
					};
					0DEB3F6D21E6CDBF009119B5 = {
						CreatedOnToolsVersion = 10.1;
						TestTargetID = 0DEB3F5921E6CDB9009119B5;
					};
					0DEB3F7821E6CDBF009119B5 = {
						CreatedOnToolsVersion = 10.1;
						TestTargetID = 0DEB3F5921E6CDB9009119B5;
					};
				};
			};
			buildConfigurationList = 0DEB3F5521E6CDB9009119B5 /* Build configuration list for PBXProject "ImmobilizerCapstone" */;
			compatibilityVersion = "Xcode 9.3";
			developmentRegion = en;
			hasScannedForEncodings = 0;
			knownRegions = (
				en,
				Base,
			);
			mainGroup = 0DEB3F5121E6CDB9009119B5;
			productRefGroup = 0DEB3F5B21E6CDBA009119B5 /* Products */;
			projectDirPath = "";
			projectRoot = "";
			targets = (
				0DEB3F5921E6CDB9009119B5 /* ImmobilizerCapstone */,
				0DEB3F6D21E6CDBF009119B5 /* ImmobilizerCapstoneTests */,
				0DEB3F7821E6CDBF009119B5 /* ImmobilizerCapstoneUITests */,
			);
		};
/* End PBXProject section */

/* Begin PBXResourcesBuildPhase section */
		0DEB3F5821E6CDB9009119B5 /* Resources */ = {
			isa = PBXResourcesBuildPhase;
			buildActionMask = 2147483647;
			files = (
				0DEB3F6821E6CDBE009119B5 /* LaunchScreen.storyboard in Resources */,
				0D07B49A21EBF44C00EB5E4A /* GoogleService-Info.plist in Resources */,
				0DEB3F6521E6CDBE009119B5 /* Assets.xcassets in Resources */,
				0DEB3F6321E6CDBA009119B5 /* Main.storyboard in Resources */,
			);
			runOnlyForDeploymentPostprocessing = 0;
		};
		0DEB3F6C21E6CDBF009119B5 /* Resources */ = {
			isa = PBXResourcesBuildPhase;
			buildActionMask = 2147483647;
			files = (
			);
			runOnlyForDeploymentPostprocessing = 0;
		};
		0DEB3F7721E6CDBF009119B5 /* Resources */ = {
			isa = PBXResourcesBuildPhase;
			buildActionMask = 2147483647;
			files = (
			);
			runOnlyForDeploymentPostprocessing = 0;
		};
/* End PBXResourcesBuildPhase section */

/* Begin PBXShellScriptBuildPhase section */
		4F6680FAB5AA7AFDA9453861 /* [CP] Check Pods Manifest.lock */ = {
			isa = PBXShellScriptBuildPhase;
			buildActionMask = 2147483647;
			files = (
			);
			inputFileListPaths = (
			);
			inputPaths = (
				"${PODS_PODFILE_DIR_PATH}/Podfile.lock",
				"${PODS_ROOT}/Manifest.lock",
			);
			name = "[CP] Check Pods Manifest.lock";
			outputFileListPaths = (
			);
			outputPaths = (
				"$(DERIVED_FILE_DIR)/Pods-ImmobilizerCapstone-checkManifestLockResult.txt",
			);
			runOnlyForDeploymentPostprocessing = 0;
			shellPath = /bin/sh;
			shellScript = "diff \"${PODS_PODFILE_DIR_PATH}/Podfile.lock\" \"${PODS_ROOT}/Manifest.lock\" > /dev/null\nif [ $? != 0 ] ; then\n    # print error to STDERR\n    echo \"error: The sandbox is not in sync with the Podfile.lock. Run 'pod install' or update your CocoaPods installation.\" >&2\n    exit 1\nfi\n# This output is used by Xcode 'outputs' to avoid re-running this script phase.\necho \"SUCCESS\" > \"${SCRIPT_OUTPUT_FILE_0}\"\n";
			showEnvVarsInLog = 0;
		};
		60FB48CA6D31606D0FB2C01F /* [CP] Check Pods Manifest.lock */ = {
			isa = PBXShellScriptBuildPhase;
			buildActionMask = 2147483647;
			files = (
			);
			inputFileListPaths = (
			);
			inputPaths = (
				"${PODS_PODFILE_DIR_PATH}/Podfile.lock",
				"${PODS_ROOT}/Manifest.lock",
			);
			name = "[CP] Check Pods Manifest.lock";
			outputFileListPaths = (
			);
			outputPaths = (
				"$(DERIVED_FILE_DIR)/Pods-ImmobilizerCapstoneTests-checkManifestLockResult.txt",
			);
			runOnlyForDeploymentPostprocessing = 0;
			shellPath = /bin/sh;
			shellScript = "diff \"${PODS_PODFILE_DIR_PATH}/Podfile.lock\" \"${PODS_ROOT}/Manifest.lock\" > /dev/null\nif [ $? != 0 ] ; then\n    # print error to STDERR\n    echo \"error: The sandbox is not in sync with the Podfile.lock. Run 'pod install' or update your CocoaPods installation.\" >&2\n    exit 1\nfi\n# This output is used by Xcode 'outputs' to avoid re-running this script phase.\necho \"SUCCESS\" > \"${SCRIPT_OUTPUT_FILE_0}\"\n";
			showEnvVarsInLog = 0;
		};
		B9C773C82013D8EF8A094556 /* [CP] Embed Pods Frameworks */ = {
			isa = PBXShellScriptBuildPhase;
			buildActionMask = 2147483647;
			files = (
			);
			inputFileListPaths = (
			);
			inputPaths = (
				"${SRCROOT}/Pods/Target Support Files/Pods-ImmobilizerCapstone/Pods-ImmobilizerCapstone-frameworks.sh",
				"${BUILT_PRODUCTS_DIR}/GTMSessionFetcher/GTMSessionFetcher.framework",
				"${BUILT_PRODUCTS_DIR}/GoogleUtilities/GoogleUtilities.framework",
				"${BUILT_PRODUCTS_DIR}/nanopb/nanopb.framework",
			);
			name = "[CP] Embed Pods Frameworks";
			outputFileListPaths = (
			);
			outputPaths = (
				"${TARGET_BUILD_DIR}/${FRAMEWORKS_FOLDER_PATH}/GTMSessionFetcher.framework",
				"${TARGET_BUILD_DIR}/${FRAMEWORKS_FOLDER_PATH}/GoogleUtilities.framework",
				"${TARGET_BUILD_DIR}/${FRAMEWORKS_FOLDER_PATH}/nanopb.framework",
			);
			runOnlyForDeploymentPostprocessing = 0;
			shellPath = /bin/sh;
			shellScript = "\"${SRCROOT}/Pods/Target Support Files/Pods-ImmobilizerCapstone/Pods-ImmobilizerCapstone-frameworks.sh\"\n";
			showEnvVarsInLog = 0;
		};
		DC676E8167F5FE002E14DBC8 /* [CP] Check Pods Manifest.lock */ = {
			isa = PBXShellScriptBuildPhase;
			buildActionMask = 2147483647;
			files = (
			);
			inputFileListPaths = (
			);
			inputPaths = (
				"${PODS_PODFILE_DIR_PATH}/Podfile.lock",
				"${PODS_ROOT}/Manifest.lock",
			);
			name = "[CP] Check Pods Manifest.lock";
			outputFileListPaths = (
			);
			outputPaths = (
				"$(DERIVED_FILE_DIR)/Pods-ImmobilizerCapstoneUITests-checkManifestLockResult.txt",
			);
			runOnlyForDeploymentPostprocessing = 0;
			shellPath = /bin/sh;
			shellScript = "diff \"${PODS_PODFILE_DIR_PATH}/Podfile.lock\" \"${PODS_ROOT}/Manifest.lock\" > /dev/null\nif [ $? != 0 ] ; then\n    # print error to STDERR\n    echo \"error: The sandbox is not in sync with the Podfile.lock. Run 'pod install' or update your CocoaPods installation.\" >&2\n    exit 1\nfi\n# This output is used by Xcode 'outputs' to avoid re-running this script phase.\necho \"SUCCESS\" > \"${SCRIPT_OUTPUT_FILE_0}\"\n";
			showEnvVarsInLog = 0;
		};
/* End PBXShellScriptBuildPhase section */

/* Begin PBXSourcesBuildPhase section */
		0DEB3F5621E6CDB9009119B5 /* Sources */ = {
			isa = PBXSourcesBuildPhase;
			buildActionMask = 2147483647;
			files = (
				0D07B49821EBE80600EB5E4A /* RegisterUserViewController.swift in Sources */,
				0DEB3F6021E6CDBA009119B5 /* ViewController.swift in Sources */,
				0DEB3F5E21E6CDBA009119B5 /* AppDelegate.swift in Sources */,
				0DEB3F8E21E6D83E009119B5 /* RequestViewController.swift in Sources */,
				0DEB3F8C21E6D527009119B5 /* SignInViewController.swift in Sources */,
			);
			runOnlyForDeploymentPostprocessing = 0;
		};
		0DEB3F6A21E6CDBF009119B5 /* Sources */ = {
			isa = PBXSourcesBuildPhase;
			buildActionMask = 2147483647;
			files = (
				0DEB3F7321E6CDBF009119B5 /* ImmobilizerCapstoneTests.swift in Sources */,
			);
			runOnlyForDeploymentPostprocessing = 0;
		};
		0DEB3F7521E6CDBF009119B5 /* Sources */ = {
			isa = PBXSourcesBuildPhase;
			buildActionMask = 2147483647;
			files = (
				0DEB3F7E21E6CDBF009119B5 /* ImmobilizerCapstoneUITests.swift in Sources */,
			);
			runOnlyForDeploymentPostprocessing = 0;
		};
/* End PBXSourcesBuildPhase section */

/* Begin PBXTargetDependency section */
		0DEB3F7021E6CDBF009119B5 /* PBXTargetDependency */ = {
			isa = PBXTargetDependency;
			target = 0DEB3F5921E6CDB9009119B5 /* ImmobilizerCapstone */;
			targetProxy = 0DEB3F6F21E6CDBF009119B5 /* PBXContainerItemProxy */;
		};
		0DEB3F7B21E6CDBF009119B5 /* PBXTargetDependency */ = {
			isa = PBXTargetDependency;
			target = 0DEB3F5921E6CDB9009119B5 /* ImmobilizerCapstone */;
			targetProxy = 0DEB3F7A21E6CDBF009119B5 /* PBXContainerItemProxy */;
		};
/* End PBXTargetDependency section */

/* Begin PBXVariantGroup section */
		0DEB3F6121E6CDBA009119B5 /* Main.storyboard */ = {
			isa = PBXVariantGroup;
			children = (
				0DEB3F6221E6CDBA009119B5 /* Base */,
			);
			name = Main.storyboard;
			sourceTree = "<group>";
		};
		0DEB3F6621E6CDBE009119B5 /* LaunchScreen.storyboard */ = {
			isa = PBXVariantGroup;
			children = (
				0DEB3F6721E6CDBE009119B5 /* Base */,
			);
			name = LaunchScreen.storyboard;
			sourceTree = "<group>";
		};
/* End PBXVariantGroup section */

/* Begin XCBuildConfiguration section */
		0DEB3F8021E6CDBF009119B5 /* Debug */ = {
			isa = XCBuildConfiguration;
			buildSettings = {
				ALWAYS_SEARCH_USER_PATHS = NO;
				CLANG_ANALYZER_NONNULL = YES;
				CLANG_ANALYZER_NUMBER_OBJECT_CONVERSION = YES_AGGRESSIVE;
				CLANG_CXX_LANGUAGE_STANDARD = "gnu++14";
				CLANG_CXX_LIBRARY = "libc++";
				CLANG_ENABLE_MODULES = YES;
				CLANG_ENABLE_OBJC_ARC = YES;
				CLANG_ENABLE_OBJC_WEAK = YES;
				CLANG_WARN_BLOCK_CAPTURE_AUTORELEASING = YES;
				CLANG_WARN_BOOL_CONVERSION = YES;
				CLANG_WARN_COMMA = YES;
				CLANG_WARN_CONSTANT_CONVERSION = YES;
				CLANG_WARN_DEPRECATED_OBJC_IMPLEMENTATIONS = YES;
				CLANG_WARN_DIRECT_OBJC_ISA_USAGE = YES_ERROR;
				CLANG_WARN_DOCUMENTATION_COMMENTS = YES;
				CLANG_WARN_EMPTY_BODY = YES;
				CLANG_WARN_ENUM_CONVERSION = YES;
				CLANG_WARN_INFINITE_RECURSION = YES;
				CLANG_WARN_INT_CONVERSION = YES;
				CLANG_WARN_NON_LITERAL_NULL_CONVERSION = YES;
				CLANG_WARN_OBJC_IMPLICIT_RETAIN_SELF = YES;
				CLANG_WARN_OBJC_LITERAL_CONVERSION = YES;
				CLANG_WARN_OBJC_ROOT_CLASS = YES_ERROR;
				CLANG_WARN_RANGE_LOOP_ANALYSIS = YES;
				CLANG_WARN_STRICT_PROTOTYPES = YES;
				CLANG_WARN_SUSPICIOUS_MOVE = YES;
				CLANG_WARN_UNGUARDED_AVAILABILITY = YES_AGGRESSIVE;
				CLANG_WARN_UNREACHABLE_CODE = YES;
				CLANG_WARN__DUPLICATE_METHOD_MATCH = YES;
				CODE_SIGN_IDENTITY = "iPhone Developer";
				COPY_PHASE_STRIP = NO;
				DEBUG_INFORMATION_FORMAT = dwarf;
				ENABLE_STRICT_OBJC_MSGSEND = YES;
				ENABLE_TESTABILITY = YES;
				GCC_C_LANGUAGE_STANDARD = gnu11;
				GCC_DYNAMIC_NO_PIC = NO;
				GCC_NO_COMMON_BLOCKS = YES;
				GCC_OPTIMIZATION_LEVEL = 0;
				GCC_PREPROCESSOR_DEFINITIONS = (
					"DEBUG=1",
					"$(inherited)",
				);
				GCC_WARN_64_TO_32_BIT_CONVERSION = YES;
				GCC_WARN_ABOUT_RETURN_TYPE = YES_ERROR;
				GCC_WARN_UNDECLARED_SELECTOR = YES;
				GCC_WARN_UNINITIALIZED_AUTOS = YES_AGGRESSIVE;
				GCC_WARN_UNUSED_FUNCTION = YES;
				GCC_WARN_UNUSED_VARIABLE = YES;
				IPHONEOS_DEPLOYMENT_TARGET = 12.1;
				MTL_ENABLE_DEBUG_INFO = INCLUDE_SOURCE;
				MTL_FAST_MATH = YES;
				ONLY_ACTIVE_ARCH = YES;
				SDKROOT = iphoneos;
				SWIFT_ACTIVE_COMPILATION_CONDITIONS = DEBUG;
				SWIFT_OPTIMIZATION_LEVEL = "-Onone";
			};
			name = Debug;
		};
		0DEB3F8121E6CDBF009119B5 /* Release */ = {
			isa = XCBuildConfiguration;
			buildSettings = {
				ALWAYS_SEARCH_USER_PATHS = NO;
				CLANG_ANALYZER_NONNULL = YES;
				CLANG_ANALYZER_NUMBER_OBJECT_CONVERSION = YES_AGGRESSIVE;
				CLANG_CXX_LANGUAGE_STANDARD = "gnu++14";
				CLANG_CXX_LIBRARY = "libc++";
				CLANG_ENABLE_MODULES = YES;
				CLANG_ENABLE_OBJC_ARC = YES;
				CLANG_ENABLE_OBJC_WEAK = YES;
				CLANG_WARN_BLOCK_CAPTURE_AUTORELEASING = YES;
				CLANG_WARN_BOOL_CONVERSION = YES;
				CLANG_WARN_COMMA = YES;
				CLANG_WARN_CONSTANT_CONVERSION = YES;
				CLANG_WARN_DEPRECATED_OBJC_IMPLEMENTATIONS = YES;
				CLANG_WARN_DIRECT_OBJC_ISA_USAGE = YES_ERROR;
				CLANG_WARN_DOCUMENTATION_COMMENTS = YES;
				CLANG_WARN_EMPTY_BODY = YES;
				CLANG_WARN_ENUM_CONVERSION = YES;
				CLANG_WARN_INFINITE_RECURSION = YES;
				CLANG_WARN_INT_CONVERSION = YES;
				CLANG_WARN_NON_LITERAL_NULL_CONVERSION = YES;
				CLANG_WARN_OBJC_IMPLICIT_RETAIN_SELF = YES;
				CLANG_WARN_OBJC_LITERAL_CONVERSION = YES;
				CLANG_WARN_OBJC_ROOT_CLASS = YES_ERROR;
				CLANG_WARN_RANGE_LOOP_ANALYSIS = YES;
				CLANG_WARN_STRICT_PROTOTYPES = YES;
				CLANG_WARN_SUSPICIOUS_MOVE = YES;
				CLANG_WARN_UNGUARDED_AVAILABILITY = YES_AGGRESSIVE;
				CLANG_WARN_UNREACHABLE_CODE = YES;
				CLANG_WARN__DUPLICATE_METHOD_MATCH = YES;
				CODE_SIGN_IDENTITY = "iPhone Developer";
				COPY_PHASE_STRIP = NO;
				DEBUG_INFORMATION_FORMAT = "dwarf-with-dsym";
				ENABLE_NS_ASSERTIONS = NO;
				ENABLE_STRICT_OBJC_MSGSEND = YES;
				GCC_C_LANGUAGE_STANDARD = gnu11;
				GCC_NO_COMMON_BLOCKS = YES;
				GCC_WARN_64_TO_32_BIT_CONVERSION = YES;
				GCC_WARN_ABOUT_RETURN_TYPE = YES_ERROR;
				GCC_WARN_UNDECLARED_SELECTOR = YES;
				GCC_WARN_UNINITIALIZED_AUTOS = YES_AGGRESSIVE;
				GCC_WARN_UNUSED_FUNCTION = YES;
				GCC_WARN_UNUSED_VARIABLE = YES;
				IPHONEOS_DEPLOYMENT_TARGET = 12.1;
				MTL_ENABLE_DEBUG_INFO = NO;
				MTL_FAST_MATH = YES;
				SDKROOT = iphoneos;
				SWIFT_COMPILATION_MODE = wholemodule;
				SWIFT_OPTIMIZATION_LEVEL = "-O";
				VALIDATE_PRODUCT = YES;
			};
			name = Release;
		};
		0DEB3F8321E6CDBF009119B5 /* Debug */ = {
			isa = XCBuildConfiguration;
			baseConfigurationReference = 70669EBD937156D0C1EAFCAE /* Pods-ImmobilizerCapstone.debug.xcconfig */;
			buildSettings = {
				ASSETCATALOG_COMPILER_APPICON_NAME = AppIcon;
				CODE_SIGN_STYLE = Automatic;
				INFOPLIST_FILE = ImmobilizerCapstone/Info.plist;
				LD_RUNPATH_SEARCH_PATHS = (
					"$(inherited)",
					"@executable_path/Frameworks",
				);
				PRODUCT_BUNDLE_IDENTIFIER = com.halimenterprise.ImmobilizerCapstone;
				PRODUCT_NAME = "$(TARGET_NAME)";
				SWIFT_VERSION = 4.2;
				TARGETED_DEVICE_FAMILY = "1,2";
			};
			name = Debug;
		};
		0DEB3F8421E6CDBF009119B5 /* Release */ = {
			isa = XCBuildConfiguration;
			baseConfigurationReference = FF254DE14324552738BBFCAB /* Pods-ImmobilizerCapstone.release.xcconfig */;
			buildSettings = {
				ASSETCATALOG_COMPILER_APPICON_NAME = AppIcon;
				CODE_SIGN_STYLE = Automatic;
				INFOPLIST_FILE = ImmobilizerCapstone/Info.plist;
				LD_RUNPATH_SEARCH_PATHS = (
					"$(inherited)",
					"@executable_path/Frameworks",
				);
				PRODUCT_BUNDLE_IDENTIFIER = com.halimenterprise.ImmobilizerCapstone;
				PRODUCT_NAME = "$(TARGET_NAME)";
				SWIFT_VERSION = 4.2;
				TARGETED_DEVICE_FAMILY = "1,2";
			};
			name = Release;
		};
		0DEB3F8621E6CDBF009119B5 /* Debug */ = {
			isa = XCBuildConfiguration;
			baseConfigurationReference = 3FE43D1287B613BAB653C313 /* Pods-ImmobilizerCapstoneTests.debug.xcconfig */;
			buildSettings = {
				ALWAYS_EMBED_SWIFT_STANDARD_LIBRARIES = YES;
				BUNDLE_LOADER = "$(TEST_HOST)";
				CODE_SIGN_STYLE = Automatic;
				INFOPLIST_FILE = ImmobilizerCapstoneTests/Info.plist;
				LD_RUNPATH_SEARCH_PATHS = (
					"$(inherited)",
					"@executable_path/Frameworks",
					"@loader_path/Frameworks",
				);
				PRODUCT_BUNDLE_IDENTIFIER = com.halimenterprise.ImmobilizerCapstoneTests;
				PRODUCT_NAME = "$(TARGET_NAME)";
				SWIFT_VERSION = 4.2;
				TARGETED_DEVICE_FAMILY = "1,2";
				TEST_HOST = "$(BUILT_PRODUCTS_DIR)/ImmobilizerCapstone.app/ImmobilizerCapstone";
			};
			name = Debug;
		};
		0DEB3F8721E6CDBF009119B5 /* Release */ = {
			isa = XCBuildConfiguration;
			baseConfigurationReference = C73FE97C5F7D2CB8BDC66F83 /* Pods-ImmobilizerCapstoneTests.release.xcconfig */;
			buildSettings = {
				ALWAYS_EMBED_SWIFT_STANDARD_LIBRARIES = YES;
				BUNDLE_LOADER = "$(TEST_HOST)";
				CODE_SIGN_STYLE = Automatic;
				INFOPLIST_FILE = ImmobilizerCapstoneTests/Info.plist;
				LD_RUNPATH_SEARCH_PATHS = (
					"$(inherited)",
					"@executable_path/Frameworks",
					"@loader_path/Frameworks",
				);
				PRODUCT_BUNDLE_IDENTIFIER = com.halimenterprise.ImmobilizerCapstoneTests;
				PRODUCT_NAME = "$(TARGET_NAME)";
				SWIFT_VERSION = 4.2;
				TARGETED_DEVICE_FAMILY = "1,2";
				TEST_HOST = "$(BUILT_PRODUCTS_DIR)/ImmobilizerCapstone.app/ImmobilizerCapstone";
			};
			name = Release;
		};
		0DEB3F8921E6CDBF009119B5 /* Debug */ = {
			isa = XCBuildConfiguration;
			baseConfigurationReference = 7CFD182199992134E03B1E08 /* Pods-ImmobilizerCapstoneUITests.debug.xcconfig */;
			buildSettings = {
				ALWAYS_EMBED_SWIFT_STANDARD_LIBRARIES = YES;
				CODE_SIGN_STYLE = Automatic;
				INFOPLIST_FILE = ImmobilizerCapstoneUITests/Info.plist;
				LD_RUNPATH_SEARCH_PATHS = (
					"$(inherited)",
					"@executable_path/Frameworks",
					"@loader_path/Frameworks",
				);
				PRODUCT_BUNDLE_IDENTIFIER = com.halimenterprise.ImmobilizerCapstoneUITests;
				PRODUCT_NAME = "$(TARGET_NAME)";
				SWIFT_VERSION = 4.2;
				TARGETED_DEVICE_FAMILY = "1,2";
				TEST_TARGET_NAME = ImmobilizerCapstone;
			};
			name = Debug;
		};
		0DEB3F8A21E6CDBF009119B5 /* Release */ = {
			isa = XCBuildConfiguration;
			baseConfigurationReference = AC179C5424389A7079B81C66 /* Pods-ImmobilizerCapstoneUITests.release.xcconfig */;
			buildSettings = {
				ALWAYS_EMBED_SWIFT_STANDARD_LIBRARIES = YES;
				CODE_SIGN_STYLE = Automatic;
				INFOPLIST_FILE = ImmobilizerCapstoneUITests/Info.plist;
				LD_RUNPATH_SEARCH_PATHS = (
					"$(inherited)",
					"@executable_path/Frameworks",
					"@loader_path/Frameworks",
				);
				PRODUCT_BUNDLE_IDENTIFIER = com.halimenterprise.ImmobilizerCapstoneUITests;
				PRODUCT_NAME = "$(TARGET_NAME)";
				SWIFT_VERSION = 4.2;
				TARGETED_DEVICE_FAMILY = "1,2";
				TEST_TARGET_NAME = ImmobilizerCapstone;
			};
			name = Release;
		};
/* End XCBuildConfiguration section */

/* Begin XCConfigurationList section */
		0DEB3F5521E6CDB9009119B5 /* Build configuration list for PBXProject "ImmobilizerCapstone" */ = {
			isa = XCConfigurationList;
			buildConfigurations = (
				0DEB3F8021E6CDBF009119B5 /* Debug */,
				0DEB3F8121E6CDBF009119B5 /* Release */,
			);
			defaultConfigurationIsVisible = 0;
			defaultConfigurationName = Release;
		};
		0DEB3F8221E6CDBF009119B5 /* Build configuration list for PBXNativeTarget "ImmobilizerCapstone" */ = {
			isa = XCConfigurationList;
			buildConfigurations = (
				0DEB3F8321E6CDBF009119B5 /* Debug */,
				0DEB3F8421E6CDBF009119B5 /* Release */,
			);
			defaultConfigurationIsVisible = 0;
			defaultConfigurationName = Release;
		};
		0DEB3F8521E6CDBF009119B5 /* Build configuration list for PBXNativeTarget "ImmobilizerCapstoneTests" */ = {
			isa = XCConfigurationList;
			buildConfigurations = (
				0DEB3F8621E6CDBF009119B5 /* Debug */,
				0DEB3F8721E6CDBF009119B5 /* Release */,
			);
			defaultConfigurationIsVisible = 0;
			defaultConfigurationName = Release;
		};
		0DEB3F8821E6CDBF009119B5 /* Build configuration list for PBXNativeTarget "ImmobilizerCapstoneUITests" */ = {
			isa = XCConfigurationList;
			buildConfigurations = (
				0DEB3F8921E6CDBF009119B5 /* Debug */,
				0DEB3F8A21E6CDBF009119B5 /* Release */,
			);
			defaultConfigurationIsVisible = 0;
			defaultConfigurationName = Release;
		};
/* End XCConfigurationList section */
	};
	rootObject = 0DEB3F5221E6CDB9009119B5 /* Project object */;
}
